
Microsoft Visual Studio Solution File, Format Version 12.00
# Visual Studio Version 16
VisualStudioVersion = 16.0.28803.452
MinimumVisualStudioVersion = 10.0.40219.1
Project("{FAE04EC0-301F-11D3-BF4B-00C04F79EFBC}") = "WorkerServiceSample", "WorkerServiceSample\WorkerServiceSample.csproj", "{03D4D8D1-2C57-4ED2-97DE-1A4D88768440}"
EndProject
Global
	GlobalSection(SolutionConfigurationPlatforms) = preSolution
		Debug|Any CPU = Debug|Any CPU
		Release|Any CPU = Release|Any CPU
	EndGlobalSection
	GlobalSection(ProjectConfigurationPlatforms) = postSolution
		{03D4D8D1-2C57-4ED2-97DE-1A4D88768440}.Debug|Any CPU.ActiveCfg = Debug|Any CPU
		{03D4D8D1-2C57-4ED2-97DE-1A4D88768440}.Debug|Any CPU.Build.0 = Debug|Any CPU
		{03D4D8D1-2C57-4ED2-97DE-1A4D88768440}.Release|Any CPU.ActiveCfg = Release|Any CPU
		{03D4D8D1-2C57-4ED2-97DE-1A4D88768440}.Release|Any CPU.Build.0 = Release|Any CPU
	EndGlobalSection
	GlobalSection(SolutionProperties) = preSolution
		HideSolutionNode = FALSE
	EndGlobalSection
	GlobalSection(ExtensibilityGlobals) = postSolution
		SolutionGuid = {95615927-8011-49D6-BF56-124A9558AAB8}
	EndGlobalSection
EndGlobal
